// !$*UTF8*$!
{
	archiveVersion = 1;
	classes = {
	};
	objectVersion = 46;
	objects = {

/* Begin PBXBuildFile section */
		0E28B67C18EFE2D1008973F8 /* InfoPlist.strings in Resources */ = {isa = PBXBuildFile; fileRef = 0E28B67A18EFE2D1008973F8 /* InfoPlist.strings */; };
		0E28B67E18EFE2D1008973F8 /* main.cpp in Sources */ = {isa = PBXBuildFile; fileRef = 0E28B67D18EFE2D1008973F8 /* main.cpp */; };
		0E28B68218EFE2D1008973F8 /* Credits.rtf in Resources */ = {isa = PBXBuildFile; fileRef = 0E28B68018EFE2D1008973F8 /* Credits.rtf */; };
		0E28B68A18EFE2D1008973F8 /* Images.xcassets in Resources */ = {isa = PBXBuildFile; fileRef = 0E28B68918EFE2D1008973F8 /* Images.xcassets */; };
		0E28B6A618EFE4AA008973F8 /* SDL2.framework in Frameworks */ = {isa = PBXBuildFile; fileRef = 0E28B6A518EFE4AA008973F8 /* SDL2.framework */; };
		0E43AB621914F15D0067D1E9 /* res.pack in Resources */ = {isa = PBXBuildFile; fileRef = 0E43AB611914F15D0067D1E9 /* res.pack */; };
		0E6E315619023305000C0449 /* libwebp.a in Frameworks */ = {isa = PBXBuildFile; fileRef = 0E6E315519023305000C0449 /* libwebp.a */; };
		0EA2C83A190AA331006DE0EA /* scene.cpp in Sources */ = {isa = PBXBuildFile; fileRef = 0EA2C839190AA331006DE0EA /* scene.cpp */; };
		0EA2C83E190AD13E006DE0EA /* renderer.cpp in Sources */ = {isa = PBXBuildFile; fileRef = 0EA2C83C190AD13E006DE0EA /* renderer.cpp */; };
		0EA2C843190AD59D006DE0EA /* resource.cpp in Sources */ = {isa = PBXBuildFile; fileRef = 0EA2C841190AD59D006DE0EA /* resource.cpp */; };
		0EA2C846190D1DCF006DE0EA /* structure.cpp in Sources */ = {isa = PBXBuildFile; fileRef = 0EA2C844190D1DCF006DE0EA /* structure.cpp */; };
		0EA2C84C19138C50006DE0EA /* algorithm.cpp in Sources */ = {isa = PBXBuildFile; fileRef = 0EA2C84A19138C50006DE0EA /* algorithm.cpp */; };
		0EA435A818F01E2800B0D8F8 /* GLUT.framework in Frameworks */ = {isa = PBXBuildFile; fileRef = 0EA435A718F01E2800B0D8F8 /* GLUT.framework */; };
		0EA435AA18F01E6900B0D8F8 /* OpenGL.framework in Frameworks */ = {isa = PBXBuildFile; fileRef = 0EA435A918F01E6900B0D8F8 /* OpenGL.framework */; };
		0EA435B218F04BDC00B0D8F8 /* CoreFoundation.framework in Frameworks */ = {isa = PBXBuildFile; fileRef = 0EA435B118F04BDC00B0D8F8 /* CoreFoundation.framework */; };
/* End PBXBuildFile section */

/* Begin PBXFileReference section */
		0E28B66E18EFE2D1008973F8 /* SDL2-904.app */ = {isa = PBXFileReference; explicitFileType = wrapper.application; includeInIndex = 0; path = "SDL2-904.app"; sourceTree = BUILT_PRODUCTS_DIR; };
		0E28B67918EFE2D1008973F8 /* SDL2-904-Info.plist */ = {isa = PBXFileReference; lastKnownFileType = text.plist.xml; path = "SDL2-904-Info.plist"; sourceTree = "<group>"; };
		0E28B67B18EFE2D1008973F8 /* en */ = {isa = PBXFileReference; lastKnownFileType = text.plist.strings; name = en; path = en.lproj/InfoPlist.strings; sourceTree = "<group>"; };
		0E28B67D18EFE2D1008973F8 /* main.cpp */ = {isa = PBXFileReference; lastKnownFileType = sourcecode.cpp.cpp; path = main.cpp; sourceTree = "<group>"; };
		0E28B68118EFE2D1008973F8 /* en */ = {isa = PBXFileReference; lastKnownFileType = text.rtf; name = en; path = en.lproj/Credits.rtf; sourceTree = "<group>"; };
		0E28B68918EFE2D1008973F8 /* Images.xcassets */ = {isa = PBXFileReference; lastKnownFileType = folder.assetcatalog; path = Images.xcassets; sourceTree = "<group>"; };
		0E28B6A518EFE4AA008973F8 /* SDL2.framework */ = {isa = PBXFileReference; lastKnownFileType = wrapper.framework; name = SDL2.framework; path = ../../../../Library/Frameworks/SDL2.framework; sourceTree = "<group>"; };
		0E43AB611914F15D0067D1E9 /* res.pack */ = {isa = PBXFileReference; lastKnownFileType = file; name = res.pack; path = "SDL2-904/Resources/res.pack"; sourceTree = "<group>"; };
		0E6E315519023305000C0449 /* libwebp.a */ = {isa = PBXFileReference; lastKnownFileType = archive.ar; name = libwebp.a; path = ../../../../opt/local/lib/libwebp.a; sourceTree = "<group>"; };
		0EA2C838190AA234006DE0EA /* scene.h */ = {isa = PBXFileReference; fileEncoding = 4; lastKnownFileType = sourcecode.c.h; name = scene.h; path = "SDL2-904/scene.h"; sourceTree = "<group>"; };
		0EA2C839190AA331006DE0EA /* scene.cpp */ = {isa = PBXFileReference; fileEncoding = 4; lastKnownFileType = sourcecode.cpp.cpp; name = scene.cpp; path = "SDL2-904/scene.cpp"; sourceTree = "<group>"; };
		0EA2C83C190AD13E006DE0EA /* renderer.cpp */ = {isa = PBXFileReference; fileEncoding = 4; lastKnownFileType = sourcecode.cpp.cpp; name = renderer.cpp; path = "SDL2-904/renderer.cpp"; sourceTree = "<group>"; };
		0EA2C83D190AD13E006DE0EA /* renderer.h */ = {isa = PBXFileReference; fileEncoding = 4; lastKnownFileType = sourcecode.c.h; name = renderer.h; path = "SDL2-904/renderer.h"; sourceTree = "<group>"; };
		0EA2C83F190AD208006DE0EA /* tile.h */ = {isa = PBXFileReference; lastKnownFileType = sourcecode.c.h; name = tile.h; path = "SDL2-904/tile.h"; sourceTree = "<group>"; };
		0EA2C840190AD348006DE0EA /* glhandle.h */ = {isa = PBXFileReference; lastKnownFileType = sourcecode.c.h; name = glhandle.h; path = "SDL2-904/glhandle.h"; sourceTree = "<group>"; };
		0EA2C841190AD59D006DE0EA /* resource.cpp */ = {isa = PBXFileReference; fileEncoding = 4; lastKnownFileType = sourcecode.cpp.cpp; name = resource.cpp; path = "SDL2-904/resource.cpp"; sourceTree = "<group>"; };
		0EA2C842190AD59D006DE0EA /* resource.h */ = {isa = PBXFileReference; fileEncoding = 4; lastKnownFileType = sourcecode.c.h; name = resource.h; path = "SDL2-904/resource.h"; sourceTree = "<group>"; };
		0EA2C844190D1DCF006DE0EA /* structure.cpp */ = {isa = PBXFileReference; fileEncoding = 4; lastKnownFileType = sourcecode.cpp.cpp; name = structure.cpp; path = "SDL2-904/structure.cpp"; sourceTree = "<group>"; };
		0EA2C845190D1DCF006DE0EA /* structure.h */ = {isa = PBXFileReference; fileEncoding = 4; lastKnownFileType = sourcecode.c.h; name = structure.h; path = "SDL2-904/structure.h"; sourceTree = "<group>"; };
		0EA2C84A19138C50006DE0EA /* algorithm.cpp */ = {isa = PBXFileReference; fileEncoding = 4; lastKnownFileType = sourcecode.cpp.cpp; name = algorithm.cpp; path = "SDL2-904/algorithm.cpp"; sourceTree = "<group>"; };
		0EA2C84B19138C50006DE0EA /* algorithm.h */ = {isa = PBXFileReference; fileEncoding = 4; lastKnownFileType = sourcecode.c.h; name = algorithm.h; path = "SDL2-904/algorithm.h"; sourceTree = "<group>"; };
		0EA435A718F01E2800B0D8F8 /* GLUT.framework */ = {isa = PBXFileReference; lastKnownFileType = wrapper.framework; name = GLUT.framework; path = System/Library/Frameworks/GLUT.framework; sourceTree = SDKROOT; };
		0EA435A918F01E6900B0D8F8 /* OpenGL.framework */ = {isa = PBXFileReference; lastKnownFileType = wrapper.framework; name = OpenGL.framework; path = System/Library/Frameworks/OpenGL.framework; sourceTree = SDKROOT; };
		0EA435B118F04BDC00B0D8F8 /* CoreFoundation.framework */ = {isa = PBXFileReference; lastKnownFileType = wrapper.framework; name = CoreFoundation.framework; path = System/Library/Frameworks/CoreFoundation.framework; sourceTree = SDKROOT; };
/* End PBXFileReference section */

/* Begin PBXFrameworksBuildPhase section */
		0E28B66B18EFE2D1008973F8 /* Frameworks */ = {
			isa = PBXFrameworksBuildPhase;
			buildActionMask = 2147483647;
			files = (
				0E6E315619023305000C0449 /* libwebp.a in Frameworks */,
				0EA435B218F04BDC00B0D8F8 /* CoreFoundation.framework in Frameworks */,
				0EA435AA18F01E6900B0D8F8 /* OpenGL.framework in Frameworks */,
				0EA435A818F01E2800B0D8F8 /* GLUT.framework in Frameworks */,
				0E28B6A618EFE4AA008973F8 /* SDL2.framework in Frameworks */,
			);
			runOnlyForDeploymentPostprocessing = 0;
		};
/* End PBXFrameworksBuildPhase section */

/* Begin PBXGroup section */
		0E28B66518EFE2D1008973F8 = {
			isa = PBXGroup;
			children = (
				0EA2C837190AA19A006DE0EA /* src */,
				0EA435AC18F0463600B0D8F8 /* Resources */,
				0E28B67718EFE2D1008973F8 /* SDL2-904 */,
				0E28B67018EFE2D1008973F8 /* Frameworks */,
				0E28B66F18EFE2D1008973F8 /* Products */,
			);
			sourceTree = "<group>";
		};
		0E28B66F18EFE2D1008973F8 /* Products */ = {
			isa = PBXGroup;
			children = (
				0E28B66E18EFE2D1008973F8 /* SDL2-904.app */,
			);
			name = Products;
			sourceTree = "<group>";
		};
		0E28B67018EFE2D1008973F8 /* Frameworks */ = {
			isa = PBXGroup;
			children = (
				0E6E315519023305000C0449 /* libwebp.a */,
				0EA435B118F04BDC00B0D8F8 /* CoreFoundation.framework */,
				0EA435A918F01E6900B0D8F8 /* OpenGL.framework */,
				0EA435A718F01E2800B0D8F8 /* GLUT.framework */,
				0E28B6A518EFE4AA008973F8 /* SDL2.framework */,
			);
			name = Frameworks;
			sourceTree = "<group>";
		};
		0E28B67718EFE2D1008973F8 /* SDL2-904 */ = {
			isa = PBXGroup;
			children = (
				0E28B68918EFE2D1008973F8 /* Images.xcassets */,
				0E28B67818EFE2D1008973F8 /* Supporting Files */,
			);
			path = "SDL2-904";
			sourceTree = "<group>";
		};
		0E28B67818EFE2D1008973F8 /* Supporting Files */ = {
			isa = PBXGroup;
			children = (
				0E28B67918EFE2D1008973F8 /* SDL2-904-Info.plist */,
				0E28B67A18EFE2D1008973F8 /* InfoPlist.strings */,
				0E28B67D18EFE2D1008973F8 /* main.cpp */,
				0E28B68018EFE2D1008973F8 /* Credits.rtf */,
			);
			name = "Supporting Files";
			sourceTree = "<group>";
		};
		0EA2C837190AA19A006DE0EA /* src */ = {
			isa = PBXGroup;
			children = (
				0EA2C839190AA331006DE0EA /* scene.cpp */,
				0EA2C838190AA234006DE0EA /* scene.h */,
				0EA2C83C190AD13E006DE0EA /* renderer.cpp */,
				0EA2C83D190AD13E006DE0EA /* renderer.h */,
				0EA2C83F190AD208006DE0EA /* tile.h */,
				0EA2C840190AD348006DE0EA /* glhandle.h */,
				0EA2C841190AD59D006DE0EA /* resource.cpp */,
				0EA2C842190AD59D006DE0EA /* resource.h */,
				0EA2C844190D1DCF006DE0EA /* structure.cpp */,
				0EA2C845190D1DCF006DE0EA /* structure.h */,
				0EA2C84A19138C50006DE0EA /* algorithm.cpp */,
				0EA2C84B19138C50006DE0EA /* algorithm.h */,
			);
			name = src;
			sourceTree = "<group>";
		};
		0EA435AC18F0463600B0D8F8 /* Resources */ = {
			isa = PBXGroup;
			children = (
				0E43AB611914F15D0067D1E9 /* res.pack */,
			);
			name = Resources;
			sourceTree = "<group>";
		};
/* End PBXGroup section */

/* Begin PBXNativeTarget section */
		0E28B66D18EFE2D1008973F8 /* SDL2-904 */ = {
			isa = PBXNativeTarget;
			buildConfigurationList = 0E28B69F18EFE2D2008973F8 /* Build configuration list for PBXNativeTarget "SDL2-904" */;
			buildPhases = (
				0E28B66A18EFE2D1008973F8 /* Sources */,
				0E28B66B18EFE2D1008973F8 /* Frameworks */,
				0E43AB63191523A60067D1E9 /* ShellScript */,
				0E28B66C18EFE2D1008973F8 /* Resources */,
			);
			buildRules = (
			);
			dependencies = (
			);
			name = "SDL2-904";
			productName = "SDL2-904";
			productReference = 0E28B66E18EFE2D1008973F8 /* SDL2-904.app */;
			productType = "com.apple.product-type.application";
		};
/* End PBXNativeTarget section */

/* Begin PBXProject section */
		0E28B66618EFE2D1008973F8 /* Project object */ = {
			isa = PBXProject;
			attributes = {
				LastUpgradeCheck = 0510;
				ORGANIZATIONNAME = hweigame;
			};
			buildConfigurationList = 0E28B66918EFE2D1008973F8 /* Build configuration list for PBXProject "SDL2-904" */;
			compatibilityVersion = "Xcode 3.2";
			developmentRegion = English;
			hasScannedForEncodings = 0;
			knownRegions = (
				en,
				Base,
			);
			mainGroup = 0E28B66518EFE2D1008973F8;
			productRefGroup = 0E28B66F18EFE2D1008973F8 /* Products */;
			projectDirPath = "";
			projectRoot = "";
			targets = (
				0E28B66D18EFE2D1008973F8 /* SDL2-904 */,
			);
		};
/* End PBXProject section */

/* Begin PBXResourcesBuildPhase section */
		0E28B66C18EFE2D1008973F8 /* Resources */ = {
			isa = PBXResourcesBuildPhase;
			buildActionMask = 2147483647;
			files = (
				0E28B67C18EFE2D1008973F8 /* InfoPlist.strings in Resources */,
				0E28B68A18EFE2D1008973F8 /* Images.xcassets in Resources */,
				0E28B68218EFE2D1008973F8 /* Credits.rtf in Resources */,
				0E43AB621914F15D0067D1E9 /* res.pack in Resources */,
			);
			runOnlyForDeploymentPostprocessing = 0;
		};
/* End PBXResourcesBuildPhase section */

/* Begin PBXShellScriptBuildPhase section */
		0E43AB63191523A60067D1E9 /* ShellScript */ = {
			isa = PBXShellScriptBuildPhase;
			buildActionMask = 2147483647;
			files = (
			);
			inputPaths = (
			);
			outputPaths = (
			);
			runOnlyForDeploymentPostprocessing = 0;
			shellPath = /bin/sh;
			shellScript = "cd ${PROJECT_DIR}/res_build\nmake\n";
		};
/* End PBXShellScriptBuildPhase section */

/* Begin PBXSourcesBuildPhase section */
		0E28B66A18EFE2D1008973F8 /* Sources */ = {
			isa = PBXSourcesBuildPhase;
			buildActionMask = 2147483647;
			files = (
				0EA2C83A190AA331006DE0EA /* scene.cpp in Sources */,
				0EA2C846190D1DCF006DE0EA /* structure.cpp in Sources */,
				0EA2C843190AD59D006DE0EA /* resource.cpp in Sources */,
				0EA2C84C19138C50006DE0EA /* algorithm.cpp in Sources */,
				0EA2C83E190AD13E006DE0EA /* renderer.cpp in Sources */,
				0E28B67E18EFE2D1008973F8 /* main.cpp in Sources */,
			);
			runOnlyForDeploymentPostprocessing = 0;
		};
/* End PBXSourcesBuildPhase section */

/* Begin PBXVariantGroup section */
		0E28B67A18EFE2D1008973F8 /* InfoPlist.strings */ = {
			isa = PBXVariantGroup;
			children = (
				0E28B67B18EFE2D1008973F8 /* en */,
			);
			name = InfoPlist.strings;
			sourceTree = "<group>";
		};
		0E28B68018EFE2D1008973F8 /* Credits.rtf */ = {
			isa = PBXVariantGroup;
			children = (
				0E28B68118EFE2D1008973F8 /* en */,
			);
			name = Credits.rtf;
			sourceTree = "<group>";
		};
/* End PBXVariantGroup section */

/* Begin XCBuildConfiguration section */
		0E28B69D18EFE2D2008973F8 /* Debug */ = {
			isa = XCBuildConfiguration;
			buildSettings = {
				ALWAYS_SEARCH_USER_PATHS = NO;
				CLANG_CXX_LANGUAGE_STANDARD = "gnu++0x";
				CLANG_CXX_LIBRARY = "libc++";
				CLANG_ENABLE_MODULES = YES;
				CLANG_ENABLE_OBJC_ARC = YES;
				CLANG_WARN_BOOL_CONVERSION = YES;
				CLANG_WARN_CONSTANT_CONVERSION = YES;
				CLANG_WARN_DIRECT_OBJC_ISA_USAGE = YES_ERROR;
				CLANG_WARN_EMPTY_BODY = YES;
				CLANG_WARN_ENUM_CONVERSION = YES;
				CLANG_WARN_INT_CONVERSION = YES;
				CLANG_WARN_OBJC_ROOT_CLASS = YES_ERROR;
				CLANG_WARN__DUPLICATE_METHOD_MATCH = YES;
				COPY_PHASE_STRIP = NO;
				GCC_C_LANGUAGE_STANDARD = gnu99;
				GCC_DYNAMIC_NO_PIC = NO;
				GCC_ENABLE_OBJC_EXCEPTIONS = YES;
				GCC_OPTIMIZATION_LEVEL = 0;
				GCC_PREPROCESSOR_DEFINITIONS = (
					"DEBUG=1",
					"$(inherited)",
				);
				GCC_SYMBOLS_PRIVATE_EXTERN = NO;
				GCC_WARN_64_TO_32_BIT_CONVERSION = YES;
				GCC_WARN_ABOUT_RETURN_TYPE = YES_ERROR;
				GCC_WARN_UNDECLARED_SELECTOR = YES;
				GCC_WARN_UNINITIALIZED_AUTOS = YES_AGGRESSIVE;
				GCC_WARN_UNUSED_FUNCTION = YES;
				GCC_WARN_UNUSED_VARIABLE = YES;
				MACOSX_DEPLOYMENT_TARGET = 10.9;
				ONLY_ACTIVE_ARCH = YES;
				SDKROOT = macosx;
			};
			name = Debug;
		};
		0E28B69E18EFE2D2008973F8 /* Release */ = {
			isa = XCBuildConfiguration;
			buildSettings = {
				ALWAYS_SEARCH_USER_PATHS = NO;
				CLANG_CXX_LANGUAGE_STANDARD = "gnu++0x";
				CLANG_CXX_LIBRARY = "libc++";
				CLANG_ENABLE_MODULES = YES;
				CLANG_ENABLE_OBJC_ARC = YES;
				CLANG_WARN_BOOL_CONVERSION = YES;
				CLANG_WARN_CONSTANT_CONVERSION = YES;
				CLANG_WARN_DIRECT_OBJC_ISA_USAGE = YES_ERROR;
				CLANG_WARN_EMPTY_BODY = YES;
				CLANG_WARN_ENUM_CONVERSION = YES;
				CLANG_WARN_INT_CONVERSION = YES;
				CLANG_WARN_OBJC_ROOT_CLASS = YES_ERROR;
				CLANG_WARN__DUPLICATE_METHOD_MATCH = YES;
				COPY_PHASE_STRIP = YES;
				DEBUG_INFORMATION_FORMAT = "dwarf-with-dsym";
				ENABLE_NS_ASSERTIONS = NO;
				GCC_C_LANGUAGE_STANDARD = gnu99;
				GCC_ENABLE_OBJC_EXCEPTIONS = YES;
				GCC_WARN_64_TO_32_BIT_CONVERSION = YES;
				GCC_WARN_ABOUT_RETURN_TYPE = YES_ERROR;
				GCC_WARN_UNDECLARED_SELECTOR = YES;
				GCC_WARN_UNINITIALIZED_AUTOS = YES_AGGRESSIVE;
				GCC_WARN_UNUSED_FUNCTION = YES;
				GCC_WARN_UNUSED_VARIABLE = YES;
				MACOSX_DEPLOYMENT_TARGET = 10.9;
				SDKROOT = macosx;
			};
			name = Release;
		};
		0E28B6A018EFE2D2008973F8 /* Debug */ = {
			isa = XCBuildConfiguration;
			buildSettings = {
				ASSETCATALOG_COMPILER_APPICON_NAME = AppIcon;
				COMBINE_HIDPI_IMAGES = YES;
				FRAMEWORK_SEARCH_PATHS = (
					"$(inherited)",
					"$(LOCAL_LIBRARY_DIR)/Frameworks",
				);
				GCC_PRECOMPILE_PREFIX_HEADER = NO;
				GCC_PREFIX_HEADER = "";
				INFOPLIST_FILE = "SDL2-904/SDL2-904-Info.plist";
				LIBRARY_SEARCH_PATHS = /opt/local/lib;
				PRODUCT_NAME = "$(TARGET_NAME)";
				USER_HEADER_SEARCH_PATHS = /opt/local/include;
				WRAPPER_EXTENSION = app;
			};
			name = Debug;
		};
		0E28B6A118EFE2D2008973F8 /* Release */ = {
			isa = XCBuildConfiguration;
			buildSettings = {
				ASSETCATALOG_COMPILER_APPICON_NAME = AppIcon;
				COMBINE_HIDPI_IMAGES = YES;
				FRAMEWORK_SEARCH_PATHS = (
					"$(inherited)",
					"$(LOCAL_LIBRARY_DIR)/Frameworks",
				);
				GCC_PRECOMPILE_PREFIX_HEADER = NO;
				GCC_PREFIX_HEADER = "";
				INFOPLIST_FILE = "SDL2-904/SDL2-904-Info.plist";
				LIBRARY_SEARCH_PATHS = /opt/local/lib;
				PRODUCT_NAME = "$(TARGET_NAME)";
				USER_HEADER_SEARCH_PATHS = /opt/local/include;
				WRAPPER_EXTENSION = app;
			};
			name = Release;
		};
/* End XCBuildConfiguration section */

/* Begin XCConfigurationList section */
		0E28B66918EFE2D1008973F8 /* Build configuration list for PBXProject "SDL2-904" */ = {
			isa = XCConfigurationList;
			buildConfigurations = (
				0E28B69D18EFE2D2008973F8 /* Debug */,
				0E28B69E18EFE2D2008973F8 /* Release */,
			);
			defaultConfigurationIsVisible = 0;
			defaultConfigurationName = Release;
		};
		0E28B69F18EFE2D2008973F8 /* Build configuration list for PBXNativeTarget "SDL2-904" */ = {
			isa = XCConfigurationList;
			buildConfigurations = (
				0E28B6A018EFE2D2008973F8 /* Debug */,
				0E28B6A118EFE2D2008973F8 /* Release */,
			);
			defaultConfigurationIsVisible = 0;
			defaultConfigurationName = Release;
		};
/* End XCConfigurationList section */
	};
	rootObject = 0E28B66618EFE2D1008973F8 /* Project object */;
}
